// !$*UTF8*$!
{
	archiveVersion = 1;
	classes = {
	};
	objectVersion = 50;
	objects = {

/* Begin PBXBuildFile section */
		1E179E8B2253965900074EC6 /* AppDelegate.swift in Sources */ = {isa = PBXBuildFile; fileRef = 1E179E8A2253965900074EC6 /* AppDelegate.swift */; };
		1E179E8D2253965900074EC6 /* ViewController.swift in Sources */ = {isa = PBXBuildFile; fileRef = 1E179E8C2253965900074EC6 /* ViewController.swift */; };
		1E179E902253965900074EC6 /* Main.storyboard in Resources */ = {isa = PBXBuildFile; fileRef = 1E179E8E2253965900074EC6 /* Main.storyboard */; };
		1E179E922253965B00074EC6 /* Assets.xcassets in Resources */ = {isa = PBXBuildFile; fileRef = 1E179E912253965B00074EC6 /* Assets.xcassets */; };
		1E179E952253965B00074EC6 /* LaunchScreen.storyboard in Resources */ = {isa = PBXBuildFile; fileRef = 1E179E932253965B00074EC6 /* LaunchScreen.storyboard */; };
		1E179EA02253965B00074EC6 /* LocalNotificationTests.swift in Sources */ = {isa = PBXBuildFile; fileRef = 1E179E9F2253965B00074EC6 /* LocalNotificationTests.swift */; };
		1E179EAB2253965B00074EC6 /* LocalNotificationUITests.swift in Sources */ = {isa = PBXBuildFile; fileRef = 1E179EAA2253965B00074EC6 /* LocalNotificationUITests.swift */; };
/* End PBXBuildFile section */

/* Begin PBXContainerItemProxy section */
		1E179E9C2253965B00074EC6 /* PBXContainerItemProxy */ = {
			isa = PBXContainerItemProxy;
			containerPortal = 1E179E7F2253965900074EC6 /* Project object */;
			proxyType = 1;
			remoteGlobalIDString = 1E179E862253965900074EC6;
			remoteInfo = LocalNotification;
		};
		1E179EA72253965B00074EC6 /* PBXContainerItemProxy */ = {
			isa = PBXContainerItemProxy;
			containerPortal = 1E179E7F2253965900074EC6 /* Project object */;
			proxyType = 1;
			remoteGlobalIDString = 1E179E862253965900074EC6;
			remoteInfo = LocalNotification;
		};
/* End PBXContainerItemProxy section */

/* Begin PBXFileReference section */
		1E179E872253965900074EC6 /* LocalNotification.app */ = {isa = PBXFileReference; explicitFileType = wrapper.application; includeInIndex = 0; path = LocalNotification.app; sourceTree = BUILT_PRODUCTS_DIR; };
		1E179E8A2253965900074EC6 /* AppDelegate.swift */ = {isa = PBXFileReference; lastKnownFileType = sourcecode.swift; path = AppDelegate.swift; sourceTree = "<group>"; };
		1E179E8C2253965900074EC6 /* ViewController.swift */ = {isa = PBXFileReference; lastKnownFileType = sourcecode.swift; path = ViewController.swift; sourceTree = "<group>"; };
		1E179E8F2253965900074EC6 /* Base */ = {isa = PBXFileReference; lastKnownFileType = file.storyboard; name = Base; path = Base.lproj/Main.storyboard; sourceTree = "<group>"; };
		1E179E912253965B00074EC6 /* Assets.xcassets */ = {isa = PBXFileReference; lastKnownFileType = folder.assetcatalog; path = Assets.xcassets; sourceTree = "<group>"; };
		1E179E942253965B00074EC6 /* Base */ = {isa = PBXFileReference; lastKnownFileType = file.storyboard; name = Base; path = Base.lproj/LaunchScreen.storyboard; sourceTree = "<group>"; };
		1E179E962253965B00074EC6 /* Info.plist */ = {isa = PBXFileReference; lastKnownFileType = text.plist.xml; path = Info.plist; sourceTree = "<group>"; };
		1E179E9B2253965B00074EC6 /* LocalNotificationTests.xctest */ = {isa = PBXFileReference; explicitFileType = wrapper.cfbundle; includeInIndex = 0; path = LocalNotificationTests.xctest; sourceTree = BUILT_PRODUCTS_DIR; };
		1E179E9F2253965B00074EC6 /* LocalNotificationTests.swift */ = {isa = PBXFileReference; lastKnownFileType = sourcecode.swift; path = LocalNotificationTests.swift; sourceTree = "<group>"; };
		1E179EA12253965B00074EC6 /* Info.plist */ = {isa = PBXFileReference; lastKnownFileType = text.plist.xml; path = Info.plist; sourceTree = "<group>"; };
		1E179EA62253965B00074EC6 /* LocalNotificationUITests.xctest */ = {isa = PBXFileReference; explicitFileType = wrapper.cfbundle; includeInIndex = 0; path = LocalNotificationUITests.xctest; sourceTree = BUILT_PRODUCTS_DIR; };
		1E179EAA2253965B00074EC6 /* LocalNotificationUITests.swift */ = {isa = PBXFileReference; lastKnownFileType = sourcecode.swift; path = LocalNotificationUITests.swift; sourceTree = "<group>"; };
		1E179EAC2253965B00074EC6 /* Info.plist */ = {isa = PBXFileReference; lastKnownFileType = text.plist.xml; path = Info.plist; sourceTree = "<group>"; };
/* End PBXFileReference section */

/* Begin PBXFrameworksBuildPhase section */
		1E179E842253965900074EC6 /* Frameworks */ = {
			isa = PBXFrameworksBuildPhase;
			buildActionMask = 2147483647;
			files = (
			);
			runOnlyForDeploymentPostprocessing = 0;
		};
		1E179E982253965B00074EC6 /* Frameworks */ = {
			isa = PBXFrameworksBuildPhase;
			buildActionMask = 2147483647;
			files = (
			);
			runOnlyForDeploymentPostprocessing = 0;
		};
		1E179EA32253965B00074EC6 /* Frameworks */ = {
			isa = PBXFrameworksBuildPhase;
			buildActionMask = 2147483647;
			files = (
			);
			runOnlyForDeploymentPostprocessing = 0;
		};
/* End PBXFrameworksBuildPhase section */

/* Begin PBXGroup section */
		1E179E7E2253965900074EC6 = {
			isa = PBXGroup;
			children = (
				1E179E892253965900074EC6 /* LocalNotification */,
				1E179E9E2253965B00074EC6 /* LocalNotificationTests */,
				1E179EA92253965B00074EC6 /* LocalNotificationUITests */,
				1E179E882253965900074EC6 /* Products */,
			);
			sourceTree = "<group>";
		};
		1E179E882253965900074EC6 /* Products */ = {
			isa = PBXGroup;
			children = (
				1E179E872253965900074EC6 /* LocalNotification.app */,
				1E179E9B2253965B00074EC6 /* LocalNotificationTests.xctest */,
				1E179EA62253965B00074EC6 /* LocalNotificationUITests.xctest */,
			);
			name = Products;
			sourceTree = "<group>";
		};
		1E179E892253965900074EC6 /* LocalNotification */ = {
			isa = PBXGroup;
			children = (
				1E179E8A2253965900074EC6 /* AppDelegate.swift */,
				1E179E8C2253965900074EC6 /* ViewController.swift */,
				1E179E8E2253965900074EC6 /* Main.storyboard */,
				1E179E912253965B00074EC6 /* Assets.xcassets */,
				1E179E932253965B00074EC6 /* LaunchScreen.storyboard */,
				1E179E962253965B00074EC6 /* Info.plist */,
			);
			path = LocalNotification;
			sourceTree = "<group>";
		};
		1E179E9E2253965B00074EC6 /* LocalNotificationTests */ = {
			isa = PBXGroup;
			children = (
				1E179E9F2253965B00074EC6 /* LocalNotificationTests.swift */,
				1E179EA12253965B00074EC6 /* Info.plist */,
			);
			path = LocalNotificationTests;
			sourceTree = "<group>";
		};
		1E179EA92253965B00074EC6 /* LocalNotificationUITests */ = {
			isa = PBXGroup;
			children = (
				1E179EAA2253965B00074EC6 /* LocalNotificationUITests.swift */,
				1E179EAC2253965B00074EC6 /* Info.plist */,
			);
			path = LocalNotificationUITests;
			sourceTree = "<group>";
		};
/* End PBXGroup section */

/* Begin PBXNativeTarget section */
		1E179E862253965900074EC6 /* LocalNotification */ = {
			isa = PBXNativeTarget;
			buildConfigurationList = 1E179EAF2253965B00074EC6 /* Build configuration list for PBXNativeTarget "LocalNotification" */;
			buildPhases = (
				1E179E832253965900074EC6 /* Sources */,
				1E179E842253965900074EC6 /* Frameworks */,
				1E179E852253965900074EC6 /* Resources */,
			);
			buildRules = (
			);
			dependencies = (
			);
			name = LocalNotification;
			productName = LocalNotification;
			productReference = 1E179E872253965900074EC6 /* LocalNotification.app */;
			productType = "com.apple.product-type.application";
		};
		1E179E9A2253965B00074EC6 /* LocalNotificationTests */ = {
			isa = PBXNativeTarget;
			buildConfigurationList = 1E179EB22253965B00074EC6 /* Build configuration list for PBXNativeTarget "LocalNotificationTests" */;
			buildPhases = (
				1E179E972253965B00074EC6 /* Sources */,
				1E179E982253965B00074EC6 /* Frameworks */,
				1E179E992253965B00074EC6 /* Resources */,
			);
			buildRules = (
			);
			dependencies = (
				1E179E9D2253965B00074EC6 /* PBXTargetDependency */,
			);
			name = LocalNotificationTests;
			productName = LocalNotificationTests;
			productReference = 1E179E9B2253965B00074EC6 /* LocalNotificationTests.xctest */;
			productType = "com.apple.product-type.bundle.unit-test";
		};
		1E179EA52253965B00074EC6 /* LocalNotificationUITests */ = {
			isa = PBXNativeTarget;
			buildConfigurationList = 1E179EB52253965B00074EC6 /* Build configuration list for PBXNativeTarget "LocalNotificationUITests" */;
			buildPhases = (
				1E179EA22253965B00074EC6 /* Sources */,
				1E179EA32253965B00074EC6 /* Frameworks */,
				1E179EA42253965B00074EC6 /* Resources */,
			);
			buildRules = (
			);
			dependencies = (
				1E179EA82253965B00074EC6 /* PBXTargetDependency */,
			);
			name = LocalNotificationUITests;
			productName = LocalNotificationUITests;
			productReference = 1E179EA62253965B00074EC6 /* LocalNotificationUITests.xctest */;
			productType = "com.apple.product-type.bundle.ui-testing";
		};
/* End PBXNativeTarget section */

/* Begin PBXProject section */
		1E179E7F2253965900074EC6 /* Project object */ = {
			isa = PBXProject;
			attributes = {
				LastSwiftUpdateCheck = 1020;
				LastUpgradeCheck = 1020;
				ORGANIZATIONNAME = "melisa öztürk";
				TargetAttributes = {
					1E179E862253965900074EC6 = {
						CreatedOnToolsVersion = 10.2;
					};
					1E179E9A2253965B00074EC6 = {
						CreatedOnToolsVersion = 10.2;
						TestTargetID = 1E179E862253965900074EC6;
					};
					1E179EA52253965B00074EC6 = {
						CreatedOnToolsVersion = 10.2;
						TestTargetID = 1E179E862253965900074EC6;
					};
				};
			};
			buildConfigurationList = 1E179E822253965900074EC6 /* Build configuration list for PBXProject "LocalNotification" */;
			compatibilityVersion = "Xcode 9.3";
			developmentRegion = en;
			hasScannedForEncodings = 0;
			knownRegions = (
				en,
				Base,
			);
			mainGroup = 1E179E7E2253965900074EC6;
			productRefGroup = 1E179E882253965900074EC6 /* Products */;
			projectDirPath = "";
			projectRoot = "";
			targets = (
				1E179E862253965900074EC6 /* LocalNotification */,
				1E179E9A2253965B00074EC6 /* LocalNotificationTests */,
				1E179EA52253965B00074EC6 /* LocalNotificationUITests */,
			);
		};
/* End PBXProject section */

/* Begin PBXResourcesBuildPhase section */
		1E179E852253965900074EC6 /* Resources */ = {
			isa = PBXResourcesBuildPhase;
			buildActionMask = 2147483647;
			files = (
				1E179E952253965B00074EC6 /* LaunchScreen.storyboard in Resources */,
				1E179E922253965B00074EC6 /* Assets.xcassets in Resources */,
				1E179E902253965900074EC6 /* Main.storyboard in Resources */,
			);
			runOnlyForDeploymentPostprocessing = 0;
		};
		1E179E992253965B00074EC6 /* Resources */ = {
			isa = PBXResourcesBuildPhase;
			buildActionMask = 2147483647;
			files = (
			);
			runOnlyForDeploymentPostprocessing = 0;
		};
		1E179EA42253965B00074EC6 /* Resources */ = {
			isa = PBXResourcesBuildPhase;
			buildActionMask = 2147483647;
			files = (
			);
			runOnlyForDeploymentPostprocessing = 0;
		};
/* End PBXResourcesBuildPhase section */

/* Begin PBXSourcesBuildPhase section */
		1E179E832253965900074EC6 /* Sources */ = {
			isa = PBXSourcesBuildPhase;
			buildActionMask = 2147483647;
			files = (
				1E179E8D2253965900074EC6 /* ViewController.swift in Sources */,
				1E179E8B2253965900074EC6 /* AppDelegate.swift in Sources */,
			);
			runOnlyForDeploymentPostprocessing = 0;
		};
		1E179E972253965B00074EC6 /* Sources */ = {
			isa = PBXSourcesBuildPhase;
			buildActionMask = 2147483647;
			files = (
				1E179EA02253965B00074EC6 /* LocalNotificationTests.swift in Sources */,
			);
			runOnlyForDeploymentPostprocessing = 0;
		};
		1E179EA22253965B00074EC6 /* Sources */ = {
			isa = PBXSourcesBuildPhase;
			buildActionMask = 2147483647;
			files = (
				1E179EAB2253965B00074EC6 /* LocalNotificationUITests.swift in Sources */,
			);
			runOnlyForDeploymentPostprocessing = 0;
		};
/* End PBXSourcesBuildPhase section */

/* Begin PBXTargetDependency section */
		1E179E9D2253965B00074EC6 /* PBXTargetDependency */ = {
			isa = PBXTargetDependency;
			target = 1E179E862253965900074EC6 /* LocalNotification */;
			targetProxy = 1E179E9C2253965B00074EC6 /* PBXContainerItemProxy */;
		};
		1E179EA82253965B00074EC6 /* PBXTargetDependency */ = {
			isa = PBXTargetDependency;
			target = 1E179E862253965900074EC6 /* LocalNotification */;
			targetProxy = 1E179EA72253965B00074EC6 /* PBXContainerItemProxy */;
		};
/* End PBXTargetDependency section */

/* Begin PBXVariantGroup section */
		1E179E8E2253965900074EC6 /* Main.storyboard */ = {
			isa = PBXVariantGroup;
			children = (
				1E179E8F2253965900074EC6 /* Base */,
			);
			name = Main.storyboard;
			sourceTree = "<group>";
		};
		1E179E932253965B00074EC6 /* LaunchScreen.storyboard */ = {
			isa = PBXVariantGroup;
			children = (
				1E179E942253965B00074EC6 /* Base */,
			);
			name = LaunchScreen.storyboard;
			sourceTree = "<group>";
		};
/* End PBXVariantGroup section */

/* Begin XCBuildConfiguration section */
		1E179EAD2253965B00074EC6 /* Debug */ = {
			isa = XCBuildConfiguration;
			buildSettings = {
				ALWAYS_SEARCH_USER_PATHS = NO;
				CLANG_ANALYZER_NONNULL = YES;
				CLANG_ANALYZER_NUMBER_OBJECT_CONVERSION = YES_AGGRESSIVE;
				CLANG_CXX_LANGUAGE_STANDARD = "gnu++14";
				CLANG_CXX_LIBRARY = "libc++";
				CLANG_ENABLE_MODULES = YES;
				CLANG_ENABLE_OBJC_ARC = YES;
				CLANG_ENABLE_OBJC_WEAK = YES;
				CLANG_WARN_BLOCK_CAPTURE_AUTORELEASING = YES;
				CLANG_WARN_BOOL_CONVERSION = YES;
				CLANG_WARN_COMMA = YES;
				CLANG_WARN_CONSTANT_CONVERSION = YES;
				CLANG_WARN_DEPRECATED_OBJC_IMPLEMENTATIONS = YES;
				CLANG_WARN_DIRECT_OBJC_ISA_USAGE = YES_ERROR;
				CLANG_WARN_DOCUMENTATION_COMMENTS = YES;
				CLANG_WARN_EMPTY_BODY = YES;
				CLANG_WARN_ENUM_CONVERSION = YES;
				CLANG_WARN_INFINITE_RECURSION = YES;
				CLANG_WARN_INT_CONVERSION = YES;
				CLANG_WARN_NON_LITERAL_NULL_CONVERSION = YES;
				CLANG_WARN_OBJC_IMPLICIT_RETAIN_SELF = YES;
				CLANG_WARN_OBJC_LITERAL_CONVERSION = YES;
				CLANG_WARN_OBJC_ROOT_CLASS = YES_ERROR;
				CLANG_WARN_RANGE_LOOP_ANALYSIS = YES;
				CLANG_WARN_STRICT_PROTOTYPES = YES;
				CLANG_WARN_SUSPICIOUS_MOVE = YES;
				CLANG_WARN_UNGUARDED_AVAILABILITY = YES_AGGRESSIVE;
				CLANG_WARN_UNREACHABLE_CODE = YES;
				CLANG_WARN__DUPLICATE_METHOD_MATCH = YES;
				CODE_SIGN_IDENTITY = "iPhone Developer";
				COPY_PHASE_STRIP = NO;
				DEBUG_INFORMATION_FORMAT = dwarf;
				ENABLE_STRICT_OBJC_MSGSEND = YES;
				ENABLE_TESTABILITY = YES;
				GCC_C_LANGUAGE_STANDARD = gnu11;
				GCC_DYNAMIC_NO_PIC = NO;
				GCC_NO_COMMON_BLOCKS = YES;
				GCC_OPTIMIZATION_LEVEL = 0;
				GCC_PREPROCESSOR_DEFINITIONS = (
					"DEBUG=1",
					"$(inherited)",
				);
				GCC_WARN_64_TO_32_BIT_CONVERSION = YES;
				GCC_WARN_ABOUT_RETURN_TYPE = YES_ERROR;
				GCC_WARN_UNDECLARED_SELECTOR = YES;
				GCC_WARN_UNINITIALIZED_AUTOS = YES_AGGRESSIVE;
				GCC_WARN_UNUSED_FUNCTION = YES;
				GCC_WARN_UNUSED_VARIABLE = YES;
				IPHONEOS_DEPLOYMENT_TARGET = 12.2;
				MTL_ENABLE_DEBUG_INFO = INCLUDE_SOURCE;
				MTL_FAST_MATH = YES;
				ONLY_ACTIVE_ARCH = YES;
				SDKROOT = iphoneos;
				SWIFT_ACTIVE_COMPILATION_CONDITIONS = DEBUG;
				SWIFT_OPTIMIZATION_LEVEL = "-Onone";
			};
			name = Debug;
		};
		1E179EAE2253965B00074EC6 /* Release */ = {
			isa = XCBuildConfiguration;
			buildSettings = {
				ALWAYS_SEARCH_USER_PATHS = NO;
				CLANG_ANALYZER_NONNULL = YES;
				CLANG_ANALYZER_NUMBER_OBJECT_CONVERSION = YES_AGGRESSIVE;
				CLANG_CXX_LANGUAGE_STANDARD = "gnu++14";
				CLANG_CXX_LIBRARY = "libc++";
				CLANG_ENABLE_MODULES = YES;
				CLANG_ENABLE_OBJC_ARC = YES;
				CLANG_ENABLE_OBJC_WEAK = YES;
				CLANG_WARN_BLOCK_CAPTURE_AUTORELEASING = YES;
				CLANG_WARN_BOOL_CONVERSION = YES;
				CLANG_WARN_COMMA = YES;
				CLANG_WARN_CONSTANT_CONVERSION = YES;
				CLANG_WARN_DEPRECATED_OBJC_IMPLEMENTATIONS = YES;
				CLANG_WARN_DIRECT_OBJC_ISA_USAGE = YES_ERROR;
				CLANG_WARN_DOCUMENTATION_COMMENTS = YES;
				CLANG_WARN_EMPTY_BODY = YES;
				CLANG_WARN_ENUM_CONVERSION = YES;
				CLANG_WARN_INFINITE_RECURSION = YES;
				CLANG_WARN_INT_CONVERSION = YES;
				CLANG_WARN_NON_LITERAL_NULL_CONVERSION = YES;
				CLANG_WARN_OBJC_IMPLICIT_RETAIN_SELF = YES;
				CLANG_WARN_OBJC_LITERAL_CONVERSION = YES;
				CLANG_WARN_OBJC_ROOT_CLASS = YES_ERROR;
				CLANG_WARN_RANGE_LOOP_ANALYSIS = YES;
				CLANG_WARN_STRICT_PROTOTYPES = YES;
				CLANG_WARN_SUSPICIOUS_MOVE = YES;
				CLANG_WARN_UNGUARDED_AVAILABILITY = YES_AGGRESSIVE;
				CLANG_WARN_UNREACHABLE_CODE = YES;
				CLANG_WARN__DUPLICATE_METHOD_MATCH = YES;
				CODE_SIGN_IDENTITY = "iPhone Developer";
				COPY_PHASE_STRIP = NO;
				DEBUG_INFORMATION_FORMAT = "dwarf-with-dsym";
				ENABLE_NS_ASSERTIONS = NO;
				ENABLE_STRICT_OBJC_MSGSEND = YES;
				GCC_C_LANGUAGE_STANDARD = gnu11;
				GCC_NO_COMMON_BLOCKS = YES;
				GCC_WARN_64_TO_32_BIT_CONVERSION = YES;
				GCC_WARN_ABOUT_RETURN_TYPE = YES_ERROR;
				GCC_WARN_UNDECLARED_SELECTOR = YES;
				GCC_WARN_UNINITIALIZED_AUTOS = YES_AGGRESSIVE;
				GCC_WARN_UNUSED_FUNCTION = YES;
				GCC_WARN_UNUSED_VARIABLE = YES;
				IPHONEOS_DEPLOYMENT_TARGET = 12.2;
				MTL_ENABLE_DEBUG_INFO = NO;
				MTL_FAST_MATH = YES;
				SDKROOT = iphoneos;
				SWIFT_COMPILATION_MODE = wholemodule;
				SWIFT_OPTIMIZATION_LEVEL = "-O";
				VALIDATE_PRODUCT = YES;
			};
			name = Release;
		};
		1E179EB02253965B00074EC6 /* Debug */ = {
			isa = XCBuildConfiguration;
			buildSettings = {
				ASSETCATALOG_COMPILER_APPICON_NAME = AppIcon;
				CODE_SIGN_STYLE = Automatic;
				DEVELOPMENT_TEAM = R85RBRZ4TB;
				INFOPLIST_FILE = LocalNotification/Info.plist;
				IPHONEOS_DEPLOYMENT_TARGET = 10.0;
				LD_RUNPATH_SEARCH_PATHS = (
					"$(inherited)",
					"@executable_path/Frameworks",
				);
				PRODUCT_BUNDLE_IDENTIFIER = com.melisaozturk.LocalNotification;
				PRODUCT_NAME = "$(TARGET_NAME)";
				SWIFT_VERSION = 5.0;
				TARGETED_DEVICE_FAMILY = "1,2";
			};
			name = Debug;
		};
		1E179EB12253965B00074EC6 /* Release */ = {
			isa = XCBuildConfiguration;
			buildSettings = {
				ASSETCATALOG_COMPILER_APPICON_NAME = AppIcon;
				CODE_SIGN_STYLE = Automatic;
				DEVELOPMENT_TEAM = R85RBRZ4TB;
				INFOPLIST_FILE = LocalNotification/Info.plist;
				IPHONEOS_DEPLOYMENT_TARGET = 10.0;
				LD_RUNPATH_SEARCH_PATHS = (
					"$(inherited)",
					"@executable_path/Frameworks",
				);
				PRODUCT_BUNDLE_IDENTIFIER = com.melisaozturk.LocalNotification;
				PRODUCT_NAME = "$(TARGET_NAME)";
				SWIFT_VERSION = 5.0;
				TARGETED_DEVICE_FAMILY = "1,2";
			};
			name = Release;
		};
		1E179EB32253965B00074EC6 /* Debug */ = {
			isa = XCBuildConfiguration;
			buildSettings = {
				ALWAYS_EMBED_SWIFT_STANDARD_LIBRARIES = YES;
				BUNDLE_LOADER = "$(TEST_HOST)";
				CODE_SIGN_STYLE = Automatic;
				DEVELOPMENT_TEAM = R85RBRZ4TB;
				INFOPLIST_FILE = LocalNotificationTests/Info.plist;
				LD_RUNPATH_SEARCH_PATHS = (
					"$(inherited)",
					"@executable_path/Frameworks",
					"@loader_path/Frameworks",
				);
				PRODUCT_BUNDLE_IDENTIFIER = com.melisaozturk.LocalNotificationTests;
				PRODUCT_NAME = "$(TARGET_NAME)";
				SWIFT_VERSION = 5.0;
				TARGETED_DEVICE_FAMILY = "1,2";
				TEST_HOST = "$(BUILT_PRODUCTS_DIR)/LocalNotification.app/LocalNotification";
			};
			name = Debug;
		};
		1E179EB42253965B00074EC6 /* Release */ = {
			isa = XCBuildConfiguration;
			buildSettings = {
				ALWAYS_EMBED_SWIFT_STANDARD_LIBRARIES = YES;
				BUNDLE_LOADER = "$(TEST_HOST)";
				CODE_SIGN_STYLE = Automatic;
				DEVELOPMENT_TEAM = R85RBRZ4TB;
				INFOPLIST_FILE = LocalNotificationTests/Info.plist;
				LD_RUNPATH_SEARCH_PATHS = (
					"$(inherited)",
					"@executable_path/Frameworks",
					"@loader_path/Frameworks",
				);
				PRODUCT_BUNDLE_IDENTIFIER = com.melisaozturk.LocalNotificationTests;
				PRODUCT_NAME = "$(TARGET_NAME)";
				SWIFT_VERSION = 5.0;
				TARGETED_DEVICE_FAMILY = "1,2";
				TEST_HOST = "$(BUILT_PRODUCTS_DIR)/LocalNotification.app/LocalNotification";
			};
			name = Release;
		};
		1E179EB62253965B00074EC6 /* Debug */ = {
			isa = XCBuildConfiguration;
			buildSettings = {
				ALWAYS_EMBED_SWIFT_STANDARD_LIBRARIES = YES;
				CODE_SIGN_STYLE = Automatic;
				DEVELOPMENT_TEAM = R85RBRZ4TB;
				INFOPLIST_FILE = LocalNotificationUITests/Info.plist;
				LD_RUNPATH_SEARCH_PATHS = (
					"$(inherited)",
					"@executable_path/Frameworks",
					"@loader_path/Frameworks",
				);
				PRODUCT_BUNDLE_IDENTIFIER = com.melisaozturk.LocalNotificationUITests;
				PRODUCT_NAME = "$(TARGET_NAME)";
				SWIFT_VERSION = 5.0;
				TARGETED_DEVICE_FAMILY = "1,2";
				TEST_TARGET_NAME = LocalNotification;
			};
			name = Debug;
		};
		1E179EB72253965B00074EC6 /* Release */ = {
			isa = XCBuildConfiguration;
			buildSettings = {
				ALWAYS_EMBED_SWIFT_STANDARD_LIBRARIES = YES;
				CODE_SIGN_STYLE = Automatic;
				DEVELOPMENT_TEAM = R85RBRZ4TB;
				INFOPLIST_FILE = LocalNotificationUITests/Info.plist;
				LD_RUNPATH_SEARCH_PATHS = (
					"$(inherited)",
					"@executable_path/Frameworks",
					"@loader_path/Frameworks",
				);
				PRODUCT_BUNDLE_IDENTIFIER = com.melisaozturk.LocalNotificationUITests;
				PRODUCT_NAME = "$(TARGET_NAME)";
				SWIFT_VERSION = 5.0;
				TARGETED_DEVICE_FAMILY = "1,2";
				TEST_TARGET_NAME = LocalNotification;
			};
			name = Release;
		};
/* End XCBuildConfiguration section */

/* Begin XCConfigurationList section */
		1E179E822253965900074EC6 /* Build configuration list for PBXProject "LocalNotification" */ = {
			isa = XCConfigurationList;
			buildConfigurations = (
				1E179EAD2253965B00074EC6 /* Debug */,
				1E179EAE2253965B00074EC6 /* Release */,
			);
			defaultConfigurationIsVisible = 0;
			defaultConfigurationName = Release;
		};
		1E179EAF2253965B00074EC6 /* Build configuration list for PBXNativeTarget "LocalNotification" */ = {
			isa = XCConfigurationList;
			buildConfigurations = (
				1E179EB02253965B00074EC6 /* Debug */,
				1E179EB12253965B00074EC6 /* Release */,
			);
			defaultConfigurationIsVisible = 0;
			defaultConfigurationName = Release;
		};
		1E179EB22253965B00074EC6 /* Build configuration list for PBXNativeTarget "LocalNotificationTests" */ = {
			isa = XCConfigurationList;
			buildConfigurations = (
				1E179EB32253965B00074EC6 /* Debug */,
				1E179EB42253965B00074EC6 /* Release */,
			);
			defaultConfigurationIsVisible = 0;
			defaultConfigurationName = Release;
		};
		1E179EB52253965B00074EC6 /* Build configuration list for PBXNativeTarget "LocalNotificationUITests" */ = {
			isa = XCConfigurationList;
			buildConfigurations = (
				1E179EB62253965B00074EC6 /* Debug */,
				1E179EB72253965B00074EC6 /* Release */,
			);
			defaultConfigurationIsVisible = 0;
			defaultConfigurationName = Release;
		};
/* End XCConfigurationList section */
	};
	rootObject = 1E179E7F2253965900074EC6 /* Project object */;
}
